
Microsoft Visual Studio Solution File, Format Version 12.00
# Visual Studio Version 17
VisualStudioVersion = 17.8.34511.84
MinimumVisualStudioVersion = 10.0.40219.1
Project("{FAE04EC0-301F-11D3-BF4B-00C04F79EFBC}") = "BlazorServerApp", "BlazorServerApp.csproj", "{7281EE47-91E3-4962-81D7-1BF4F3F9F480}"
EndProject
Global
	GlobalSection(SolutionConfigurationPlatforms) = preSolution
		Debug|Any CPU = Debug|Any CPU
		Release|Any CPU = Release|Any CPU
	EndGlobalSection
	GlobalSection(ProjectConfigurationPlatforms) = postSolution
		{7281EE47-91E3-4962-81D7-1BF4F3F9F480}.Debug|Any CPU.ActiveCfg = Debug|Any CPU
		{7281EE47-91E3-4962-81D7-1BF4F3F9F480}.Debug|Any CPU.Build.0 = Debug|Any CPU
		{7281EE47-91E3-4962-81D7-1BF4F3F9F480}.Release|Any CPU.ActiveCfg = Release|Any CPU
		{7281EE47-91E3-4962-81D7-1BF4F3F9F480}.Release|Any CPU.Build.0 = Release|Any CPU
	EndGlobalSection
	GlobalSection(SolutionProperties) = preSolution
		HideSolutionNode = FALSE
	EndGlobalSection
	GlobalSection(ExtensibilityGlobals) = postSolution
		SolutionGuid = {B745A1E8-9173-4401-8F5E-A6FCD6B9E50F}
	EndGlobalSection
EndGlobal
